
Microsoft Visual Studio Solution File, Format Version 10.00
# Visual Studio 2008
Project("{8BC9CEB8-8B4A-11D0-8D11-00A0C91BC942}") = "evalexpression", "evalexpression\evalexpression.vcproj", "{FD34492F-E352-4388-801A-9A11BFC76CDB}"
EndProject
Global
	GlobalSection(SolutionConfigurationPlatforms) = preSolution
		Debug|Win32 = Debug|Win32
		Release|Win32 = Release|Win32
	EndGlobalSection
	GlobalSection(ProjectConfigurationPlatforms) = postSolution
		{FD34492F-E352-4388-801A-9A11BFC76CDB}.Debug|Win32.ActiveCfg = Debug|Win32
		{FD34492F-E352-4388-801A-9A11BFC76CDB}.Debug|Win32.Build.0 = Debug|Win32
		{FD34492F-E352-4388-801A-9A11BFC76CDB}.Release|Win32.ActiveCfg = Release|Win32
		{FD34492F-E352-4388-801A-9A11BFC76CDB}.Release|Win32.Build.0 = Release|Win32
	EndGlobalSection
	GlobalSection(SolutionProperties) = preSolution
		HideSolutionNode = FALSE
	EndGlobalSection
EndGlobal
